{
  "name": "aw3ir",
  "lockfileVersion": 3,
  "requires": true,
  "packages": {
    "": {
      "dependencies": {
        "weather-icons": "git+https://git@github.com/erikflowers/weather-icons.git"
      }
    },
    "node_modules/weather-icons": {
      "version": "2.0.12",
      "resolved": "git+https://git@github.com/erikflowers/weather-icons.git#bb80982bf1f43f2d57f9dd753e7413bf88beb9ed",
      "license": "MIT"
    }
  }
}
